
Microsoft Visual Studio Solution File, Format Version 12.00
# Visual Studio Version 17
VisualStudioVersion = 17.10.34928.147
MinimumVisualStudioVersion = 10.0.40219.1
Project("{9A19103F-16F7-4668-BE54-9A1E7A4F7556}") = "StudentApplication", "StudentApplication.csproj", "{DCF9FE37-9021-45B6-8200-2FC3CF3734B3}"
EndProject
Project("{9A19103F-16F7-4668-BE54-9A1E7A4F7556}") = "student-application-model", "..\student-application-model\student-application-model.csproj", "{EAB16AEF-9DF6-4BE1-977F-A606A782703D}"
EndProject
Project("{2150E333-8FDC-42A3-9474-1A3956D46DE8}") = "Solution Items", "Solution Items", "{062C551E-A9DD-4BED-AC2D-45C21ED91B92}"
	ProjectSection(SolutionItems) = preProject
		Documentation.txt = Documentation.txt
	EndProjectSection
EndProject
Project("{9A19103F-16F7-4668-BE54-9A1E7A4F7556}") = "TestProject1", "..\TestProject1\TestProject1.csproj", "{FB687D05-9A21-44AC-9EAB-F2A69C6FD474}"
EndProject
Global
	GlobalSection(SolutionConfigurationPlatforms) = preSolution
		Debug|Any CPU = Debug|Any CPU
		Release|Any CPU = Release|Any CPU
	EndGlobalSection
	GlobalSection(ProjectConfigurationPlatforms) = postSolution
		{DCF9FE37-9021-45B6-8200-2FC3CF3734B3}.Debug|Any CPU.ActiveCfg = Debug|Any CPU
		{DCF9FE37-9021-45B6-8200-2FC3CF3734B3}.Debug|Any CPU.Build.0 = Debug|Any CPU
		{DCF9FE37-9021-45B6-8200-2FC3CF3734B3}.Release|Any CPU.ActiveCfg = Release|Any CPU
		{DCF9FE37-9021-45B6-8200-2FC3CF3734B3}.Release|Any CPU.Build.0 = Release|Any CPU
		{EAB16AEF-9DF6-4BE1-977F-A606A782703D}.Debug|Any CPU.ActiveCfg = Debug|Any CPU
		{EAB16AEF-9DF6-4BE1-977F-A606A782703D}.Debug|Any CPU.Build.0 = Debug|Any CPU
		{EAB16AEF-9DF6-4BE1-977F-A606A782703D}.Release|Any CPU.ActiveCfg = Release|Any CPU
		{EAB16AEF-9DF6-4BE1-977F-A606A782703D}.Release|Any CPU.Build.0 = Release|Any CPU
		{FB687D05-9A21-44AC-9EAB-F2A69C6FD474}.Debug|Any CPU.ActiveCfg = Debug|Any CPU
		{FB687D05-9A21-44AC-9EAB-F2A69C6FD474}.Debug|Any CPU.Build.0 = Debug|Any CPU
		{FB687D05-9A21-44AC-9EAB-F2A69C6FD474}.Release|Any CPU.ActiveCfg = Release|Any CPU
		{FB687D05-9A21-44AC-9EAB-F2A69C6FD474}.Release|Any CPU.Build.0 = Release|Any CPU
	EndGlobalSection
	GlobalSection(SolutionProperties) = preSolution
		HideSolutionNode = FALSE
	EndGlobalSection
	GlobalSection(ExtensibilityGlobals) = postSolution
		SolutionGuid = {66F56A67-D945-4797-9C67-788979326D00}
	EndGlobalSection
EndGlobal
